
Microsoft Visual Studio Solution File, Format Version 12.00
# Visual Studio Version 17
VisualStudioVersion = 17.3.32825.248
MinimumVisualStudioVersion = 10.0.40219.1
Project("{FAE04EC0-301F-11D3-BF4B-00C04F79EFBC}") = "EditorText", "EditorText\EditorText.csproj", "{D79574AB-9CFD-4AB4-A798-CDAC7987D691}"
EndProject
Project("{FAE04EC0-301F-11D3-BF4B-00C04F79EFBC}") = "FormDocument", "FormDocument\FormDocument.csproj", "{B4FF1EBC-4B7F-4CA7-A7F6-748F1A0DD777}"
EndProject
Global
	GlobalSection(SolutionConfigurationPlatforms) = preSolution
		Debug|Any CPU = Debug|Any CPU
		Release|Any CPU = Release|Any CPU
	EndGlobalSection
	GlobalSection(ProjectConfigurationPlatforms) = postSolution
		{D79574AB-9CFD-4AB4-A798-CDAC7987D691}.Debug|Any CPU.ActiveCfg = Debug|Any CPU
		{D79574AB-9CFD-4AB4-A798-CDAC7987D691}.Debug|Any CPU.Build.0 = Debug|Any CPU
		{D79574AB-9CFD-4AB4-A798-CDAC7987D691}.Release|Any CPU.ActiveCfg = Release|Any CPU
		{D79574AB-9CFD-4AB4-A798-CDAC7987D691}.Release|Any CPU.Build.0 = Release|Any CPU
		{B4FF1EBC-4B7F-4CA7-A7F6-748F1A0DD777}.Debug|Any CPU.ActiveCfg = Debug|Any CPU
		{B4FF1EBC-4B7F-4CA7-A7F6-748F1A0DD777}.Debug|Any CPU.Build.0 = Debug|Any CPU
		{B4FF1EBC-4B7F-4CA7-A7F6-748F1A0DD777}.Release|Any CPU.ActiveCfg = Release|Any CPU
		{B4FF1EBC-4B7F-4CA7-A7F6-748F1A0DD777}.Release|Any CPU.Build.0 = Release|Any CPU
	EndGlobalSection
	GlobalSection(SolutionProperties) = preSolution
		HideSolutionNode = FALSE
	EndGlobalSection
	GlobalSection(ExtensibilityGlobals) = postSolution
		SolutionGuid = {04638222-1E90-4241-AC4D-DCD9F5AB37AF}
	EndGlobalSection
EndGlobal
